[[package]]
name = "asyncpg"
version = "0.22.0"
description = "An asyncio PostgreSQL driver"
category = "main"
optional = false
python-versions = ">=3.5.0"

[package.extras]
dev = ["Cython (>=0.29.20,<0.30.0)", "pytest (>=3.6.0)", "Sphinx (>=1.7.3,<1.8.0)", "sphinxcontrib-asyncio (>=0.2.0,<0.3.0)", "sphinx-rtd-theme (>=0.2.4,<0.3.0)", "pycodestyle (>=2.5.0,<2.6.0)", "flake8 (>=3.7.9,<3.8.0)", "uvloop (>=0.14.0,<0.15.0)"]
docs = ["Sphinx (>=1.7.3,<1.8.0)", "sphinxcontrib-asyncio (>=0.2.0,<0.3.0)", "sphinx-rtd-theme (>=0.2.4,<0.3.0)"]
test = ["pycodestyle (>=2.5.0,<2.6.0)", "flake8 (>=3.7.9,<3.8.0)", "uvloop (>=0.14.0,<0.15.0)"]

[[package]]
name = "click"
version = "7.1.2"
description = "Composable command line interface toolkit"
category = "main"
optional = false
python-versions = ">=2.7, !=3.0.*, !=3.1.*, !=3.2.*, !=3.3.*, !=3.4.*"

[[package]]
name = "fastapi"
version = "0.63.0"
description = "FastAPI framework, high performance, easy to learn, fast to code, ready for production"
category = "main"
optional = false
python-versions = ">=3.6"

[package.dependencies]
pydantic = ">=1.0.0,<2.0.0"
starlette = "0.13.6"

[package.extras]
all = ["requests (>=2.24.0,<3.0.0)", "aiofiles (>=0.5.0,<0.6.0)", "jinja2 (>=2.11.2,<3.0.0)", "python-multipart (>=0.0.5,<0.0.6)", "itsdangerous (>=1.1.0,<2.0.0)", "pyyaml (>=5.3.1,<6.0.0)", "graphene (>=2.1.8,<3.0.0)", "ujson (>=3.0.0,<4.0.0)", "orjson (>=3.2.1,<4.0.0)", "email_validator (>=1.1.1,<2.0.0)", "uvicorn[standard] (>=0.12.0,<0.14.0)", "async_exit_stack (>=1.0.1,<2.0.0)", "async_generator (>=1.10,<2.0.0)"]
dev = ["python-jose[cryptography] (>=3.1.0,<4.0.0)", "passlib[bcrypt] (>=1.7.2,<2.0.0)", "autoflake (>=1.3.1,<2.0.0)", "flake8 (>=3.8.3,<4.0.0)", "uvicorn[standard] (>=0.12.0,<0.14.0)", "graphene (>=2.1.8,<3.0.0)"]
doc = ["mkdocs (>=1.1.2,<2.0.0)", "mkdocs-material (>=6.1.4,<7.0.0)", "markdown-include (>=0.5.1,<0.6.0)", "mkdocs-markdownextradata-plugin (>=0.1.7,<0.2.0)", "typer-cli (>=0.0.9,<0.0.10)", "pyyaml (>=5.3.1,<6.0.0)"]
test = ["pytest (==5.4.3)", "pytest-cov (==2.10.0)", "pytest-asyncio (>=0.14.0,<0.15.0)", "mypy (==0.790)", "flake8 (>=3.8.3,<4.0.0)", "black (==20.8b1)", "isort (>=5.0.6,<6.0.0)", "requests (>=2.24.0,<3.0.0)", "httpx (>=0.14.0,<0.15.0)", "email_validator (>=1.1.1,<2.0.0)", "sqlalchemy (>=1.3.18,<2.0.0)", "peewee (>=3.13.3,<4.0.0)", "databases[sqlite] (>=0.3.2,<0.4.0)", "orjson (>=3.2.1,<4.0.0)", "async_exit_stack (>=1.0.1,<2.0.0)", "async_generator (>=1.10,<2.0.0)", "python-multipart (>=0.0.5,<0.0.6)", "aiofiles (>=0.5.0,<0.6.0)", "flask (>=1.1.2,<2.0.0)"]

[[package]]
name = "greenlet"
version = "1.0.0"
description = "Lightweight in-process concurrent programming"
category = "main"
optional = false
python-versions = ">=2.7,!=3.0.*,!=3.1.*,!=3.2.*,!=3.3.*,!=3.4.*"

[package.extras]
docs = ["sphinx"]

[[package]]
name = "h11"
version = "0.12.0"
description = "A pure-Python, bring-your-own-I/O implementation of HTTP/1.1"
category = "main"
optional = false
python-versions = ">=3.6"

[[package]]
name = "pydantic"
version = "1.8.1"
description = "Data validation and settings management using python 3.6 type hinting"
category = "main"
optional = false
python-versions = ">=3.6.1"

[package.dependencies]
typing-extensions = ">=3.7.4.3"

[package.extras]
dotenv = ["python-dotenv (>=0.10.4)"]
email = ["email-validator (>=1.0.3)"]

[[package]]
name = "sqlalchemy"
version = "1.4.0"
description = "Database Abstraction Library"
category = "main"
optional = false
python-versions = "!=3.0.*,!=3.1.*,!=3.2.*,!=3.3.*,!=3.4.*,!=3.5.*,>=2.7"

[package.dependencies]
greenlet = {version = "!=0.4.17", markers = "python_version >= \"3\""}

[package.extras]
aiomysql = ["greenlet (!=0.4.17)", "aiomysql"]
asyncio = ["greenlet (!=0.4.17)"]
mariadb_connector = ["mariadb (>=1.0.1)"]
mssql = ["pyodbc"]
mssql_pymssql = ["pymssql"]
mssql_pyodbc = ["pyodbc"]
mypy = ["sqlalchemy2-stubs", "mypy (>=0.800)"]
mysql = ["mysqlclient (>=1.4.0,<2)", "mysqlclient (>=1.4.0)"]
mysql_connector = ["mysqlconnector"]
oracle = ["cx_oracle (>=7,<8)", "cx_oracle (>=7)"]
postgresql = ["psycopg2 (>=2.7)"]
postgresql_asyncpg = ["greenlet (!=0.4.17)", "asyncpg"]
postgresql_pg8000 = ["pg8000 (>=1.16.6)"]
postgresql_psycopg2binary = ["psycopg2-binary"]
postgresql_psycopg2cffi = ["psycopg2cffi"]
pymysql = ["pymysql (<1)", "pymysql"]

[[package]]
name = "starlette"
version = "0.13.6"
description = "The little ASGI library that shines."
category = "main"
optional = false
python-versions = ">=3.6"

[package.extras]
full = ["aiofiles", "graphene", "itsdangerous", "jinja2", "python-multipart", "pyyaml", "requests", "ujson"]

[[package]]
name = "typer"
version = "0.3.2"
description = "Typer, build great CLIs. Easy to code. Based on Python type hints."
category = "main"
optional = false
python-versions = ">=3.6"

[package.dependencies]
click = ">=7.1.1,<7.2.0"

[package.extras]
test = ["pytest-xdist (>=1.32.0,<2.0.0)", "pytest-sugar (>=0.9.4,<0.10.0)", "mypy (==0.782)", "black (>=19.10b0,<20.0b0)", "isort (>=5.0.6,<6.0.0)", "shellingham (>=1.3.0,<2.0.0)", "pytest (>=4.4.0,<5.4.0)", "pytest-cov (>=2.10.0,<3.0.0)", "coverage (>=5.2,<6.0)"]
all = ["colorama (>=0.4.3,<0.5.0)", "shellingham (>=1.3.0,<2.0.0)"]
dev = ["autoflake (>=1.3.1,<2.0.0)", "flake8 (>=3.8.3,<4.0.0)"]
doc = ["mkdocs (>=1.1.2,<2.0.0)", "mkdocs-material (>=5.4.0,<6.0.0)", "markdown-include (>=0.5.1,<0.6.0)"]

[[package]]
name = "typing-extensions"
version = "3.7.4.3"
description = "Backported and Experimental Type Hints for Python 3.5+"
category = "main"
optional = false
python-versions = "*"

[[package]]
name = "uvicorn"
version = "0.13.4"
description = "The lightning-fast ASGI server."
category = "main"
optional = false
python-versions = "*"

[package.dependencies]
click = ">=7.0.0,<8.0.0"
h11 = ">=0.8"

[package.extras]
standard = ["websockets (>=8.0.0,<9.0.0)", "watchgod (>=0.6)", "python-dotenv (>=0.13)", "PyYAML (>=5.1)", "httptools (>=0.1.0,<0.2.0)", "uvloop (>=0.14.0,!=0.15.0,!=0.15.1)", "colorama (>=0.4)"]

[metadata]
lock-version = "1.1"
python-versions = "^3.9"
content-hash = "03c638695ab0695509fec2d7d5b75b2406a3bf2505c7d2f2b1ea43522c5188e1"

[metadata.files]
asyncpg = [
    {file = "asyncpg-0.22.0-cp35-cp35m-macosx_10_14_x86_64.whl", hash = "sha256:ccd75cfb4710c7e8debc19516e2e1d4c9863cce3f7a45a3822980d04b16f4fdd"},
    {file = "asyncpg-0.22.0-cp35-cp35m-manylinux1_x86_64.whl", hash = "sha256:3af9a8511569983481b5cf94db17b7cbecd06b5398aac9c82e4acb69bb1f4090"},
    {file = "asyncpg-0.22.0-cp36-cp36m-macosx_10_14_x86_64.whl", hash = "sha256:d1cb6e5b58a4e017335f2a1886e153a32bd213ffa9f7129ee5aced2a7210fa3c"},
    {file = "asyncpg-0.22.0-cp36-cp36m-manylinux1_x86_64.whl", hash = "sha256:0f4604a88386d68c46bf7b50c201a9718515b0d2df6d5e9ce024d78ed0f7189c"},
    {file = "asyncpg-0.22.0-cp36-cp36m-win_amd64.whl", hash = "sha256:b37efafbbec505287bd1499a88f4b59ff2b470709a1d8f7e4db198d3e2c5a2c4"},
    {file = "asyncpg-0.22.0-cp37-cp37m-macosx_10_14_x86_64.whl", hash = "sha256:1d3efdec14f3fbcc665b77619f8b420564f98b89632a21694be2101dafa6bcf2"},
    {file = "asyncpg-0.22.0-cp37-cp37m-manylinux1_x86_64.whl", hash = "sha256:f1df7cfd12ef484210717e7827cc2d4d550b16a1b4dd4566c93914c7a2259352"},
    {file = "asyncpg-0.22.0-cp37-cp37m-win_amd64.whl", hash = "sha256:1f514b13bc54bde65db6cd1d0832ae27f21093e3cb66f741e078fab77768971c"},
    {file = "asyncpg-0.22.0-cp38-cp38-macosx_10_14_x86_64.whl", hash = "sha256:82e23ba5b37c0c7ee96f290a95cbf9815b2d29b302e8b9c4af1de9b7759fd27b"},
    {file = "asyncpg-0.22.0-cp38-cp38-manylinux1_x86_64.whl", hash = "sha256:062e4ff80e68fe56066c44a8c51989a98785904bf86f49058a242a5887be6ce3"},
    {file = "asyncpg-0.22.0-cp38-cp38-win_amd64.whl", hash = "sha256:e7a67fb0244e4a5b3baaa40092d0efd642da032b5e891d75947dab993b47d925"},
    {file = "asyncpg-0.22.0-cp39-cp39-macosx_10_14_x86_64.whl", hash = "sha256:1bbe5e829de506c743cbd5240b3722e487c53669a5f1e159abcc3b92a64a985e"},
    {file = "asyncpg-0.22.0-cp39-cp39-manylinux1_x86_64.whl", hash = "sha256:2cb730241dfe650b9626eae00490cca4cfeb00871ed8b8f389f3a4507b328683"},
    {file = "asyncpg-0.22.0-cp39-cp39-win_amd64.whl", hash = "sha256:2e3875c82ae609b21e562e6befdc35e52c4290e49d03e7529275d59a0595ca97"},
    {file = "asyncpg-0.22.0.tar.gz", hash = "sha256:348ad471d9bdd77f0609a00c860142f47c81c9123f4064d13d65c8569415d802"},
]
click = [
    {file = "click-7.1.2-py2.py3-none-any.whl", hash = "sha256:dacca89f4bfadd5de3d7489b7c8a566eee0d3676333fbb50030263894c38c0dc"},
    {file = "click-7.1.2.tar.gz", hash = "sha256:d2b5255c7c6349bc1bd1e59e08cd12acbbd63ce649f2588755783aa94dfb6b1a"},
]
fastapi = [
    {file = "fastapi-0.63.0-py3-none-any.whl", hash = "sha256:98d8ea9591d8512fdadf255d2a8fa56515cdd8624dca4af369da73727409508e"},
    {file = "fastapi-0.63.0.tar.gz", hash = "sha256:63c4592f5ef3edf30afa9a44fa7c6b7ccb20e0d3f68cd9eba07b44d552058dcb"},
]
greenlet = [
    {file = "greenlet-1.0.0-cp27-cp27m-macosx_10_14_x86_64.whl", hash = "sha256:1d1d4473ecb1c1d31ce8fd8d91e4da1b1f64d425c1dc965edc4ed2a63cfa67b2"},
    {file = "greenlet-1.0.0-cp27-cp27m-manylinux1_x86_64.whl", hash = "sha256:cfd06e0f0cc8db2a854137bd79154b61ecd940dce96fad0cba23fe31de0b793c"},
    {file = "greenlet-1.0.0-cp27-cp27m-manylinux2010_x86_64.whl", hash = "sha256:eb333b90036358a0e2c57373f72e7648d7207b76ef0bd00a4f7daad1f79f5203"},
    {file = "greenlet-1.0.0-cp27-cp27m-win32.whl", hash = "sha256:1a1ada42a1fd2607d232ae11a7b3195735edaa49ea787a6d9e6a53afaf6f3476"},
    {file = "greenlet-1.0.0-cp27-cp27m-win_amd64.whl", hash = "sha256:f6f65bf54215e4ebf6b01e4bb94c49180a589573df643735107056f7a910275b"},
    {file = "greenlet-1.0.0-cp27-cp27mu-manylinux1_x86_64.whl", hash = "sha256:f59eded163d9752fd49978e0bab7a1ff21b1b8d25c05f0995d140cc08ac83379"},
    {file = "greenlet-1.0.0-cp27-cp27mu-manylinux2010_x86_64.whl", hash = "sha256:875d4c60a6299f55df1c3bb870ebe6dcb7db28c165ab9ea6cdc5d5af36bb33ce"},
    {file = "greenlet-1.0.0-cp35-cp35m-macosx_10_14_x86_64.whl", hash = "sha256:1bb80c71de788b36cefb0c3bb6bfab306ba75073dbde2829c858dc3ad70f867c"},
    {file = "greenlet-1.0.0-cp35-cp35m-manylinux1_x86_64.whl", hash = "sha256:b5f1b333015d53d4b381745f5de842f19fe59728b65f0fbb662dafbe2018c3a5"},
    {file = "greenlet-1.0.0-cp35-cp35m-manylinux2010_x86_64.whl", hash = "sha256:5352c15c1d91d22902582e891f27728d8dac3bd5e0ee565b6a9f575355e6d92f"},
    {file = "greenlet-1.0.0-cp35-cp35m-manylinux2014_aarch64.whl", hash = "sha256:2c65320774a8cd5fdb6e117c13afa91c4707548282464a18cf80243cf976b3e6"},
    {file = "greenlet-1.0.0-cp35-cp35m-manylinux2014_ppc64le.whl", hash = "sha256:111cfd92d78f2af0bc7317452bd93a477128af6327332ebf3c2be7df99566683"},
    {file = "greenlet-1.0.0-cp35-cp35m-win32.whl", hash = "sha256:cdb90267650c1edb54459cdb51dab865f6c6594c3a47ebd441bc493360c7af70"},
    {file = "greenlet-1.0.0-cp35-cp35m-win_amd64.whl", hash = "sha256:eac8803c9ad1817ce3d8d15d1bb82c2da3feda6bee1153eec5c58fa6e5d3f770"},
    {file = "greenlet-1.0.0-cp36-cp36m-macosx_10_14_x86_64.whl", hash = "sha256:c93d1a71c3fe222308939b2e516c07f35a849c5047f0197442a4d6fbcb4128ee"},
    {file = "greenlet-1.0.0-cp36-cp36m-manylinux1_x86_64.whl", hash = "sha256:122c63ba795fdba4fc19c744df6277d9cfd913ed53d1a286f12189a0265316dd"},
    {file = "greenlet-1.0.0-cp36-cp36m-manylinux2010_x86_64.whl", hash = "sha256:c5b22b31c947ad8b6964d4ed66776bcae986f73669ba50620162ba7c832a6b6a"},
    {file = "greenlet-1.0.0-cp36-cp36m-manylinux2014_aarch64.whl", hash = "sha256:4365eccd68e72564c776418c53ce3c5af402bc526fe0653722bc89efd85bf12d"},
    {file = "greenlet-1.0.0-cp36-cp36m-manylinux2014_ppc64le.whl", hash = "sha256:da7d09ad0f24270b20f77d56934e196e982af0d0a2446120cb772be4e060e1a2"},
    {file = "greenlet-1.0.0-cp36-cp36m-win32.whl", hash = "sha256:647ba1df86d025f5a34043451d7c4a9f05f240bee06277a524daad11f997d1e7"},
    {file = "greenlet-1.0.0-cp36-cp36m-win_amd64.whl", hash = "sha256:e6e9fdaf6c90d02b95e6b0709aeb1aba5affbbb9ccaea5502f8638e4323206be"},
    {file = "greenlet-1.0.0-cp37-cp37m-macosx_10_14_x86_64.whl", hash = "sha256:62afad6e5fd70f34d773ffcbb7c22657e1d46d7fd7c95a43361de979f0a45aef"},
    {file = "greenlet-1.0.0-cp37-cp37m-manylinux1_x86_64.whl", hash = "sha256:d3789c1c394944084b5e57c192889985a9f23bd985f6d15728c745d380318128"},
    {file = "greenlet-1.0.0-cp37-cp37m-manylinux2010_x86_64.whl", hash = "sha256:f5e2d36c86c7b03c94b8459c3bd2c9fe2c7dab4b258b8885617d44a22e453fb7"},
    {file = "greenlet-1.0.0-cp37-cp37m-manylinux2014_aarch64.whl", hash = "sha256:292e801fcb3a0b3a12d8c603c7cf340659ea27fd73c98683e75800d9fd8f704c"},
    {file = "greenlet-1.0.0-cp37-cp37m-manylinux2014_ppc64le.whl", hash = "sha256:f3dc68272990849132d6698f7dc6df2ab62a88b0d36e54702a8fd16c0490e44f"},
    {file = "greenlet-1.0.0-cp37-cp37m-win32.whl", hash = "sha256:7cd5a237f241f2764324396e06298b5dee0df580cf06ef4ada0ff9bff851286c"},
    {file = "greenlet-1.0.0-cp37-cp37m-win_amd64.whl", hash = "sha256:0ddd77586553e3daf439aa88b6642c5f252f7ef79a39271c25b1d4bf1b7cbb85"},
    {file = "greenlet-1.0.0-cp38-cp38-macosx_10_14_x86_64.whl", hash = "sha256:90b6a25841488cf2cb1c8623a53e6879573010a669455046df5f029d93db51b7"},
    {file = "greenlet-1.0.0-cp38-cp38-manylinux1_x86_64.whl", hash = "sha256:ed1d1351f05e795a527abc04a0d82e9aecd3bdf9f46662c36ff47b0b00ecaf06"},
    {file = "greenlet-1.0.0-cp38-cp38-manylinux2010_x86_64.whl", hash = "sha256:94620ed996a7632723a424bccb84b07e7b861ab7bb06a5aeb041c111dd723d36"},
    {file = "greenlet-1.0.0-cp38-cp38-manylinux2014_aarch64.whl", hash = "sha256:f97d83049715fd9dec7911860ecf0e17b48d8725de01e45de07d8ac0bd5bc378"},
    {file = "greenlet-1.0.0-cp38-cp38-manylinux2014_ppc64le.whl", hash = "sha256:0a77691f0080c9da8dfc81e23f4e3cffa5accf0f5b56478951016d7cfead9196"},
    {file = "greenlet-1.0.0-cp38-cp38-win32.whl", hash = "sha256:e1128e022d8dce375362e063754e129750323b67454cac5600008aad9f54139e"},
    {file = "greenlet-1.0.0-cp38-cp38-win_amd64.whl", hash = "sha256:5d4030b04061fdf4cbc446008e238e44936d77a04b2b32f804688ad64197953c"},
    {file = "greenlet-1.0.0-cp39-cp39-macosx_10_14_x86_64.whl", hash = "sha256:f8450d5ef759dbe59f84f2c9f77491bb3d3c44bc1a573746daf086e70b14c243"},
    {file = "greenlet-1.0.0-cp39-cp39-manylinux1_x86_64.whl", hash = "sha256:df8053867c831b2643b2c489fe1d62049a98566b1646b194cc815f13e27b90df"},
    {file = "greenlet-1.0.0-cp39-cp39-manylinux2010_x86_64.whl", hash = "sha256:df3e83323268594fa9755480a442cabfe8d82b21aba815a71acf1bb6c1776218"},
    {file = "greenlet-1.0.0-cp39-cp39-manylinux2014_aarch64.whl", hash = "sha256:181300f826625b7fd1182205b830642926f52bd8cdb08b34574c9d5b2b1813f7"},
    {file = "greenlet-1.0.0-cp39-cp39-manylinux2014_ppc64le.whl", hash = "sha256:58ca0f078d1c135ecf1879d50711f925ee238fe773dfe44e206d7d126f5bc664"},
    {file = "greenlet-1.0.0-cp39-cp39-win32.whl", hash = "sha256:5f297cb343114b33a13755032ecf7109b07b9a0020e841d1c3cedff6602cc139"},
    {file = "greenlet-1.0.0-cp39-cp39-win_amd64.whl", hash = "sha256:5d69bbd9547d3bc49f8a545db7a0bd69f407badd2ff0f6e1a163680b5841d2b0"},
    {file = "greenlet-1.0.0.tar.gz", hash = "sha256:719e169c79255816cdcf6dccd9ed2d089a72a9f6c42273aae12d55e8d35bdcf8"},
]
h11 = [
    {file = "h11-0.12.0-py3-none-any.whl", hash = "sha256:36a3cb8c0a032f56e2da7084577878a035d3b61d104230d4bd49c0c6b555a9c6"},
    {file = "h11-0.12.0.tar.gz", hash = "sha256:47222cb6067e4a307d535814917cd98fd0a57b6788ce715755fa2b6c28b56042"},
]
pydantic = [
    {file = "pydantic-1.8.1-cp36-cp36m-macosx_10_9_x86_64.whl", hash = "sha256:0c40162796fc8d0aa744875b60e4dc36834db9f2a25dbf9ba9664b1915a23850"},
    {file = "pydantic-1.8.1-cp36-cp36m-manylinux1_i686.whl", hash = "sha256:fff29fe54ec419338c522b908154a2efabeee4f483e48990f87e189661f31ce3"},
    {file = "pydantic-1.8.1-cp36-cp36m-manylinux2014_i686.whl", hash = "sha256:fbfb608febde1afd4743c6822c19060a8dbdd3eb30f98e36061ba4973308059e"},
    {file = "pydantic-1.8.1-cp36-cp36m-manylinux2014_x86_64.whl", hash = "sha256:eb8ccf12295113ce0de38f80b25f736d62f0a8d87c6b88aca645f168f9c78771"},
    {file = "pydantic-1.8.1-cp36-cp36m-win_amd64.whl", hash = "sha256:20d42f1be7c7acc352b3d09b0cf505a9fab9deb93125061b376fbe1f06a5459f"},
    {file = "pydantic-1.8.1-cp37-cp37m-macosx_10_9_x86_64.whl", hash = "sha256:dde4ca368e82791de97c2ec019681ffb437728090c0ff0c3852708cf923e0c7d"},
    {file = "pydantic-1.8.1-cp37-cp37m-manylinux1_i686.whl", hash = "sha256:3bbd023c981cbe26e6e21c8d2ce78485f85c2e77f7bab5ec15b7d2a1f491918f"},
    {file = "pydantic-1.8.1-cp37-cp37m-manylinux2014_i686.whl", hash = "sha256:830ef1a148012b640186bf4d9789a206c56071ff38f2460a32ae67ca21880eb8"},
    {file = "pydantic-1.8.1-cp37-cp37m-manylinux2014_x86_64.whl", hash = "sha256:fb77f7a7e111db1832ae3f8f44203691e15b1fa7e5a1cb9691d4e2659aee41c4"},
    {file = "pydantic-1.8.1-cp37-cp37m-win_amd64.whl", hash = "sha256:3bcb9d7e1f9849a6bdbd027aabb3a06414abd6068cb3b21c49427956cce5038a"},
    {file = "pydantic-1.8.1-cp38-cp38-macosx_10_9_x86_64.whl", hash = "sha256:2287ebff0018eec3cc69b1d09d4b7cebf277726fa1bd96b45806283c1d808683"},
    {file = "pydantic-1.8.1-cp38-cp38-manylinux1_i686.whl", hash = "sha256:4bbc47cf7925c86a345d03b07086696ed916c7663cb76aa409edaa54546e53e2"},
    {file = "pydantic-1.8.1-cp38-cp38-manylinux2014_i686.whl", hash = "sha256:6388ef4ef1435364c8cc9a8192238aed030595e873d8462447ccef2e17387125"},
    {file = "pydantic-1.8.1-cp38-cp38-manylinux2014_x86_64.whl", hash = "sha256:dd4888b300769ecec194ca8f2699415f5f7760365ddbe243d4fd6581485fa5f0"},
    {file = "pydantic-1.8.1-cp38-cp38-win_amd64.whl", hash = "sha256:8fbb677e4e89c8ab3d450df7b1d9caed23f254072e8597c33279460eeae59b99"},
    {file = "pydantic-1.8.1-cp39-cp39-macosx_10_9_x86_64.whl", hash = "sha256:2f2736d9a996b976cfdfe52455ad27462308c9d3d0ae21a2aa8b4cd1a78f47b9"},
    {file = "pydantic-1.8.1-cp39-cp39-manylinux1_i686.whl", hash = "sha256:3114d74329873af0a0e8004627f5389f3bb27f956b965ddd3e355fe984a1789c"},
    {file = "pydantic-1.8.1-cp39-cp39-manylinux2014_i686.whl", hash = "sha256:258576f2d997ee4573469633592e8b99aa13bda182fcc28e875f866016c8e07e"},
    {file = "pydantic-1.8.1-cp39-cp39-manylinux2014_x86_64.whl", hash = "sha256:c17a0b35c854049e67c68b48d55e026c84f35593c66d69b278b8b49e2484346f"},
    {file = "pydantic-1.8.1-cp39-cp39-win_amd64.whl", hash = "sha256:e8bc082afef97c5fd3903d05c6f7bb3a6af9fc18631b4cc9fedeb4720efb0c58"},
    {file = "pydantic-1.8.1-py3-none-any.whl", hash = "sha256:e3f8790c47ac42549dc8b045a67b0ca371c7f66e73040d0197ce6172b385e520"},
    {file = "pydantic-1.8.1.tar.gz", hash = "sha256:26cf3cb2e68ec6c0cfcb6293e69fb3450c5fd1ace87f46b64f678b0d29eac4c3"},
]
sqlalchemy = [
    {file = "SQLAlchemy-1.4.0-cp27-cp27m-macosx_10_14_x86_64.whl", hash = "sha256:364b3d46be78eeaa0efc8771d86bd4e66e0e24bc998610ae9b07ab0630a2e0f2"},
    {file = "SQLAlchemy-1.4.0-cp27-cp27m-manylinux1_x86_64.whl", hash = "sha256:e7902051dc747cc96b552230464ddb2c96407e7f07680c71c1923dca2f3a6d9d"},
    {file = "SQLAlchemy-1.4.0-cp27-cp27m-win32.whl", hash = "sha256:38a50d4d657bd7aa5a8ddeb06eb4f099c29f9ca7b50295ea0f98793007d448b5"},
    {file = "SQLAlchemy-1.4.0-cp27-cp27m-win_amd64.whl", hash = "sha256:9613ae722a818d231b47fe03c7ff60ce2cd9a54c7a3fb927db9e5df6683c438a"},
    {file = "SQLAlchemy-1.4.0-cp27-cp27mu-manylinux1_x86_64.whl", hash = "sha256:5f326c4264d2f1614f471b6f04e96522f7cc94843172e099bf2fb22079891c20"},
    {file = "SQLAlchemy-1.4.0-cp36-cp36m-macosx_10_14_x86_64.whl", hash = "sha256:6a144c87df1eeeb604e20deb074b9252e7f63b5f528a61b7d9d509c2e67adfb0"},
    {file = "SQLAlchemy-1.4.0-cp36-cp36m-manylinux1_x86_64.whl", hash = "sha256:56d33a788c427f29a54600374bb3e435331238e7551c1ce738da5186c20f6c68"},
    {file = "SQLAlchemy-1.4.0-cp36-cp36m-manylinux2010_x86_64.whl", hash = "sha256:7fdec39fe2495a1c833b917d7c0c8b9d06c0b1b91df74e45be7dc7af325a40fa"},
    {file = "SQLAlchemy-1.4.0-cp36-cp36m-manylinux2014_aarch64.whl", hash = "sha256:5beadd632440aa67f3cb3ec235246c3753f8b3d72b254ee5a87c1e87619952f4"},
    {file = "SQLAlchemy-1.4.0-cp36-cp36m-manylinux2014_x86_64.whl", hash = "sha256:bd73da5de31118a8130540297779d36bf4d7414c6cca8d7f769b1550dafce78d"},
    {file = "SQLAlchemy-1.4.0-cp36-cp36m-win32.whl", hash = "sha256:a595fe93ef2722c4877e1db80aabbe172b0af7846c61b2852388780a53203855"},
    {file = "SQLAlchemy-1.4.0-cp36-cp36m-win_amd64.whl", hash = "sha256:90a8529f04f25051357fc149bc7815b515d018598ff6f1f91038dad665a7ac61"},
    {file = "SQLAlchemy-1.4.0-cp37-cp37m-macosx_10_14_x86_64.whl", hash = "sha256:ce33a952476f9100daa76fb8228fdc99ac11df3c316be2eb946ba31fbe845ba6"},
    {file = "SQLAlchemy-1.4.0-cp37-cp37m-manylinux1_x86_64.whl", hash = "sha256:bc626e44fec23d9ea92aeecd2359720e8620c1f963c8e24bfdd27e757ed0548c"},
    {file = "SQLAlchemy-1.4.0-cp37-cp37m-manylinux2010_x86_64.whl", hash = "sha256:0b77e40d63147cd322307a10905f2690661acaa6f21eb1168a6e6de144c97a12"},
    {file = "SQLAlchemy-1.4.0-cp37-cp37m-manylinux2014_aarch64.whl", hash = "sha256:1373b38a8bba90b54f21ff6b8ec7561d7e4fcc44a1fd70a845ece1014b554f9b"},
    {file = "SQLAlchemy-1.4.0-cp37-cp37m-manylinux2014_x86_64.whl", hash = "sha256:506ff11bc52426bedb66618d10ec1e41c64667ee685fbffb6a3057e5d9513129"},
    {file = "SQLAlchemy-1.4.0-cp37-cp37m-win32.whl", hash = "sha256:e04efa8dd75b9bfc16a6bc174e715678c6e99f52c633eccef76e156e408a5432"},
    {file = "SQLAlchemy-1.4.0-cp37-cp37m-win_amd64.whl", hash = "sha256:befa0b60b663fdbc1bb1bde60d3788ff5a64700f253f7981a22081f3b44239f2"},
    {file = "SQLAlchemy-1.4.0-cp38-cp38-macosx_10_14_x86_64.whl", hash = "sha256:c272f0340a40d178461b2b54f27360289e063f70db495daa852c2f318fc00640"},
    {file = "SQLAlchemy-1.4.0-cp38-cp38-manylinux1_x86_64.whl", hash = "sha256:8319413aaf11e777ed328a763038c85faf4ff4461a14c09f8c2bf5e46954ea8b"},
    {file = "SQLAlchemy-1.4.0-cp38-cp38-manylinux2010_x86_64.whl", hash = "sha256:ddb17736fc2999dc4e550f02e05add7a2197668cde059269b23989d8730ef71a"},
    {file = "SQLAlchemy-1.4.0-cp38-cp38-manylinux2014_aarch64.whl", hash = "sha256:682961ff4e9fcd9803ab3918c7f8c44ab4076566a0385606377723caf18c371a"},
    {file = "SQLAlchemy-1.4.0-cp38-cp38-manylinux2014_x86_64.whl", hash = "sha256:b8bdfb73d07467f2e21e7ff3abc823d52f88b1e5c377fc14da625b30469350ab"},
    {file = "SQLAlchemy-1.4.0-cp38-cp38-win32.whl", hash = "sha256:a75ac5cdac68c10b71f00aff2f4179168abcf462e73d0289d806293b44abfce6"},
    {file = "SQLAlchemy-1.4.0-cp38-cp38-win_amd64.whl", hash = "sha256:c101e9f57d8a67a4b613852d4a5ee850cd2e8b4791ddba2a90ced4dbc66e5fa2"},
    {file = "SQLAlchemy-1.4.0-cp39-cp39-macosx_10_14_x86_64.whl", hash = "sha256:dd940003b5724e7376dd627b13086798076c5bc124d562163224334854bdd0ca"},
    {file = "SQLAlchemy-1.4.0-cp39-cp39-manylinux1_x86_64.whl", hash = "sha256:faad6bcbc1af9dfb2b2e02be988f992989d99e3eae0c5b21fce818d47aab5181"},
    {file = "SQLAlchemy-1.4.0-cp39-cp39-manylinux2010_x86_64.whl", hash = "sha256:02a77eef48da7a5239c003a18afa05c964f1e3001cb2039f69b912b0e0d69c61"},
    {file = "SQLAlchemy-1.4.0-cp39-cp39-manylinux2014_aarch64.whl", hash = "sha256:441788cdc1617fe3e43565399c95098d54e91422a049df08acb3709854e7cec0"},
    {file = "SQLAlchemy-1.4.0-cp39-cp39-manylinux2014_x86_64.whl", hash = "sha256:308968eb85969ca3025452cebff7e3d9af5f5c0771b6e19df3c68b1a3c6918ae"},
    {file = "SQLAlchemy-1.4.0-cp39-cp39-win32.whl", hash = "sha256:1293cbcaf556f3de5a3eb143012e830a7d78952796f5ba9d2a8286d808e158f1"},
    {file = "SQLAlchemy-1.4.0-cp39-cp39-win_amd64.whl", hash = "sha256:6fd3bfc212f68913fe42e9a7b5a39fb259e40e927fe5e813f27c6a692bd624e7"},
    {file = "SQLAlchemy-1.4.0.tar.gz", hash = "sha256:9cfef2ad30c5ee1d494d98f3c55a9ac29ec6d294b70849c541d139e4fe1a74e6"},
]
starlette = [
    {file = "starlette-0.13.6-py3-none-any.whl", hash = "sha256:bd2ffe5e37fb75d014728511f8e68ebf2c80b0fa3d04ca1479f4dc752ae31ac9"},
    {file = "starlette-0.13.6.tar.gz", hash = "sha256:ebe8ee08d9be96a3c9f31b2cb2a24dbdf845247b745664bd8a3f9bd0c977fdbc"},
]
typer = [
    {file = "typer-0.3.2-py3-none-any.whl", hash = "sha256:ba58b920ce851b12a2d790143009fa00ac1d05b3ff3257061ff69dbdfc3d161b"},
    {file = "typer-0.3.2.tar.gz", hash = "sha256:5455d750122cff96745b0dec87368f56d023725a7ebc9d2e54dd23dc86816303"},
]
typing-extensions = [
    {file = "typing_extensions-3.7.4.3-py2-none-any.whl", hash = "sha256:dafc7639cde7f1b6e1acc0f457842a83e722ccca8eef5270af2d74792619a89f"},
    {file = "typing_extensions-3.7.4.3-py3-none-any.whl", hash = "sha256:7cb407020f00f7bfc3cb3e7881628838e69d8f3fcab2f64742a5e76b2f841918"},
    {file = "typing_extensions-3.7.4.3.tar.gz", hash = "sha256:99d4073b617d30288f569d3f13d2bd7548c3a7e4c8de87db09a9d29bb3a4a60c"},
]
uvicorn = [
    {file = "uvicorn-0.13.4-py3-none-any.whl", hash = "sha256:7587f7b08bd1efd2b9bad809a3d333e972f1d11af8a5e52a9371ee3a5de71524"},
    {file = "uvicorn-0.13.4.tar.gz", hash = "sha256:3292251b3c7978e8e4a7868f4baf7f7f7bb7e40c759ecc125c37e99cdea34202"},
]
